
Microsoft Visual Studio Solution File, Format Version 12.00
# Visual Studio Version 16
VisualStudioVersion = 16.0.31702.278
MinimumVisualStudioVersion = 10.0.40219.1
Project("{8BC9CEB8-8B4A-11D0-8D11-00A0C91BC942}") = "CredStealer", "CredStealer\CredStealer.vcxproj", "{F1CB3BF6-FB06-4424-88C7-28F5EC31C317}"
EndProject
Global
	GlobalSection(SolutionConfigurationPlatforms) = preSolution
		Debug|x64 = Debug|x64
		Debug|x86 = Debug|x86
		Release|x64 = Release|x64
		Release|x86 = Release|x86
	EndGlobalSection
	GlobalSection(ProjectConfigurationPlatforms) = postSolution
		{F1CB3BF6-FB06-4424-88C7-28F5EC31C317}.Debug|x64.ActiveCfg = Debug|x64
		{F1CB3BF6-FB06-4424-88C7-28F5EC31C317}.Debug|x64.Build.0 = Debug|x64
		{F1CB3BF6-FB06-4424-88C7-28F5EC31C317}.Debug|x86.ActiveCfg = Debug|Win32
		{F1CB3BF6-FB06-4424-88C7-28F5EC31C317}.Debug|x86.Build.0 = Debug|Win32
		{F1CB3BF6-FB06-4424-88C7-28F5EC31C317}.Release|x64.ActiveCfg = Release|x64
		{F1CB3BF6-FB06-4424-88C7-28F5EC31C317}.Release|x64.Build.0 = Release|x64
		{F1CB3BF6-FB06-4424-88C7-28F5EC31C317}.Release|x86.ActiveCfg = Release|Win32
		{F1CB3BF6-FB06-4424-88C7-28F5EC31C317}.Release|x86.Build.0 = Release|Win32
	EndGlobalSection
	GlobalSection(SolutionProperties) = preSolution
		HideSolutionNode = FALSE
	EndGlobalSection
	GlobalSection(ExtensibilityGlobals) = postSolution
		SolutionGuid = {B5E146F1-C8BB-48C6-97BB-9B9028565295}
	EndGlobalSection
EndGlobal
